<?xml version="1.0" encoding="utf-8"?>
<Project ToolsVersion="4.0" xmlns="http://schemas.microsoft.com/developer/msbuild/2003">
  <ItemGroup>
    <CudaCompile Include="kernel.cu">
      <Filter>源文件</Filter>
    </CudaCompile>
    <CudaCompile Include="matrix.cu">
      <Filter>源文件</Filter>
    </CudaCompile>
  </ItemGroup>
  <ItemGroup>
    <ClInclude Include="matrix.cuh">
      <Filter>头文件</Filter>
    </ClInclude>
    <ClInclude Include="network.h">
      <Filter>头文件</Filter>
    </ClInclude>
    <ClInclude Include="test.h">
      <Filter>头文件</Filter>
    </ClInclude>
    <ClInclude Include="distribution_classification.h">
      <Filter>头文件</Filter>
    </ClInclude>
    <ClInclude Include="statistical.h">
      <Filter>头文件</Filter>
    </ClInclude>
    <ClInclude Include="solver.h">
      <Filter>头文件</Filter>
    </ClInclude>
    <ClInclude Include="adam.h">
      <Filter>头文件</Filter>
    </ClInclude>
  </ItemGroup>
  <ItemGroup>
    <Filter Include="源文件">
      <UniqueIdentifier>{daf82809-ce84-4d9e-b735-8c50b1be7855}</UniqueIdentifier>
    </Filter>
    <Filter Include="头文件">
      <UniqueIdentifier>{7158a72b-f5c0-4da8-8dcc-4b3ecbe90c8e}</UniqueIdentifier>
    </Filter>
  </ItemGroup>
  <ItemGroup>
    <ClCompile Include="network.cpp">
      <Filter>源文件</Filter>
    </ClCompile>
    <ClCompile Include="test.cpp">
      <Filter>源文件</Filter>
    </ClCompile>
    <ClCompile Include="distribution_classification.cpp">
      <Filter>源文件</Filter>
    </ClCompile>
    <ClCompile Include="statistical.cpp">
      <Filter>源文件</Filter>
    </ClCompile>
    <ClCompile Include="adam.cpp" />
  </ItemGroup>
</Project>